
Microsoft Visual Studio Solution File, Format Version 12.00
# Visual Studio 15
VisualStudioVersion = 15.0.27004.2006
MinimumVisualStudioVersion = 10.0.40219.1
Project("{FAE04EC0-301F-11D3-BF4B-00C04F79EFBC}") = "BHR", "BHR\BHR.csproj", "{27AF5A47-CB78-42C6-8C63-635C7DE6A4C4}"
EndProject
Global
	GlobalSection(SolutionConfigurationPlatforms) = preSolution
		Debug|Any CPU = Debug|Any CPU
		Release|Any CPU = Release|Any CPU
	EndGlobalSection
	GlobalSection(ProjectConfigurationPlatforms) = postSolution
		{27AF5A47-CB78-42C6-8C63-635C7DE6A4C4}.Debug|Any CPU.ActiveCfg = Debug|Any CPU
		{27AF5A47-CB78-42C6-8C63-635C7DE6A4C4}.Debug|Any CPU.Build.0 = Debug|Any CPU
		{27AF5A47-CB78-42C6-8C63-635C7DE6A4C4}.Release|Any CPU.ActiveCfg = Release|Any CPU
		{27AF5A47-CB78-42C6-8C63-635C7DE6A4C4}.Release|Any CPU.Build.0 = Release|Any CPU
	EndGlobalSection
	GlobalSection(SolutionProperties) = preSolution
		HideSolutionNode = FALSE
	EndGlobalSection
	GlobalSection(ExtensibilityGlobals) = postSolution
		SolutionGuid = {E0D9A907-470F-4722-BC3C-3D408C648D08}
	EndGlobalSection
EndGlobal
